
Microsoft Visual Studio Solution File, Format Version 12.00
# Visual Studio Version 16
VisualStudioVersion = 16.0.30907.101
MinimumVisualStudioVersion = 10.0.40219.1
Project("{FAE04EC0-301F-11D3-BF4B-00C04F79EFBC}") = "PokemonGame", "PokemonGame.csproj", "{EFABAE28-60A8-4B27-8639-A3DE88219BB3}"
EndProject
Global
	GlobalSection(SolutionConfigurationPlatforms) = preSolution
		Debug|Any CPU = Debug|Any CPU
		Release|Any CPU = Release|Any CPU
	EndGlobalSection
	GlobalSection(ProjectConfigurationPlatforms) = postSolution
		{EFABAE28-60A8-4B27-8639-A3DE88219BB3}.Debug|Any CPU.ActiveCfg = Debug|Any CPU
		{EFABAE28-60A8-4B27-8639-A3DE88219BB3}.Debug|Any CPU.Build.0 = Debug|Any CPU
		{EFABAE28-60A8-4B27-8639-A3DE88219BB3}.Release|Any CPU.ActiveCfg = Release|Any CPU
		{EFABAE28-60A8-4B27-8639-A3DE88219BB3}.Release|Any CPU.Build.0 = Release|Any CPU
	EndGlobalSection
	GlobalSection(SolutionProperties) = preSolution
		HideSolutionNode = FALSE
	EndGlobalSection
	GlobalSection(ExtensibilityGlobals) = postSolution
		SolutionGuid = {A3B85601-BE31-4B90-852A-496A02D21ACD}
	EndGlobalSection
EndGlobal
